
Microsoft Visual Studio Solution File, Format Version 12.00
# Visual Studio 15
VisualStudioVersion = 15.0.27703.2000
MinimumVisualStudioVersion = 10.0.40219.1
Project("{9A19103F-16F7-4668-BE54-9A1E7A4F7556}") = "UserLambda", "UserLambda\UserLambda.csproj", "{D10A5AB2-A1D8-46CC-847A-FE97C828F7BF}"
EndProject
Global
	GlobalSection(SolutionConfigurationPlatforms) = preSolution
		Debug|Any CPU = Debug|Any CPU
		Release|Any CPU = Release|Any CPU
	EndGlobalSection
	GlobalSection(ProjectConfigurationPlatforms) = postSolution
		{D10A5AB2-A1D8-46CC-847A-FE97C828F7BF}.Debug|Any CPU.ActiveCfg = Debug|Any CPU
		{D10A5AB2-A1D8-46CC-847A-FE97C828F7BF}.Debug|Any CPU.Build.0 = Debug|Any CPU
		{D10A5AB2-A1D8-46CC-847A-FE97C828F7BF}.Release|Any CPU.ActiveCfg = Release|Any CPU
		{D10A5AB2-A1D8-46CC-847A-FE97C828F7BF}.Release|Any CPU.Build.0 = Release|Any CPU
	EndGlobalSection
	GlobalSection(SolutionProperties) = preSolution
		HideSolutionNode = FALSE
	EndGlobalSection
	GlobalSection(ExtensibilityGlobals) = postSolution
		SolutionGuid = {83D42DDD-924E-4E79-A185-AFA3D218AADE}
	EndGlobalSection
EndGlobal
